
Microsoft Visual Studio Solution File, Format Version 12.00
# Visual Studio Version 17
VisualStudioVersion = 17.12.35527.113
MinimumVisualStudioVersion = 10.0.40219.1
Project("{FAE04EC0-301F-11D3-BF4B-00C04F79EFBC}") = "OnlineStoreWeb", "OnlineStoreWeb\OnlineStoreWeb.csproj", "{6733B337-71BD-46C4-90AF-324CCC93B5CE}"
EndProject
Project("{2150E333-8FDC-42A3-9474-1A3956D46DE8}") = "Core", "Core", "{FA72CD64-EAA4-4CD0-A81A-90B8CEF78780}"
EndProject
Project("{2150E333-8FDC-42A3-9474-1A3956D46DE8}") = "External", "External", "{9B31FB71-EB8C-4AA7-95DE-9A14C99A43AB}"
EndProject
Project("{FAE04EC0-301F-11D3-BF4B-00C04F79EFBC}") = "Domain", "Domain\Domain.csproj", "{C61724D8-3955-4C84-9EA6-3A8BEA8678EA}"
EndProject
Project("{FAE04EC0-301F-11D3-BF4B-00C04F79EFBC}") = "Application", "Application\Application.csproj", "{4217D6A7-9173-4981-82CF-55430A4FE724}"
EndProject
Project("{FAE04EC0-301F-11D3-BF4B-00C04F79EFBC}") = "Infrastructure", "Infrastructure\Infrastructure.csproj", "{4A778EC5-F099-4A3C-BB68-DB31FFA97498}"
EndProject
Project("{FAE04EC0-301F-11D3-BF4B-00C04F79EFBC}") = "Presentation", "Presentation\Presentation.csproj", "{DEADC92B-A0EB-4258-A47D-E3EAB21A336C}"
EndProject
Project("{E53339B2-1760-4266-BCC7-CA923CBCF16C}") = "docker-compose", "docker-compose.dcproj", "{32D6DE7C-A63A-4E6C-A9C5-3C58AD541D2B}"
EndProject
Project("{2150E333-8FDC-42A3-9474-1A3956D46DE8}") = "Tests", "Tests", "{5BCCCE70-5102-421D-BAA2-CE2AD6690FC7}"
EndProject
Project("{2150E333-8FDC-42A3-9474-1A3956D46DE8}") = "Core", "Core", "{C9B417A8-CE4F-432B-B275-EE3F64600A0A}"
EndProject
Project("{2150E333-8FDC-42A3-9474-1A3956D46DE8}") = "External", "External", "{4B3F5D6D-6C0E-4E23-B34C-00E6D851685C}"
EndProject
Project("{FAE04EC0-301F-11D3-BF4B-00C04F79EFBC}") = "Application.UnitTests", "Application.UnitTests\Application.UnitTests.csproj", "{0A136118-40BD-4874-95E7-5A2C627F9F01}"
EndProject
Project("{FAE04EC0-301F-11D3-BF4B-00C04F79EFBC}") = "Infrastructure.UnitTests", "Infrastructire.UnitTests\Infrastructure.UnitTests.csproj", "{3C66D451-8EFD-4CF7-B492-A86404401CC1}"
EndProject
Global
	GlobalSection(SolutionConfigurationPlatforms) = preSolution
		Debug|Any CPU = Debug|Any CPU
		Release|Any CPU = Release|Any CPU
	EndGlobalSection
	GlobalSection(ProjectConfigurationPlatforms) = postSolution
		{6733B337-71BD-46C4-90AF-324CCC93B5CE}.Debug|Any CPU.ActiveCfg = Debug|Any CPU
		{6733B337-71BD-46C4-90AF-324CCC93B5CE}.Debug|Any CPU.Build.0 = Debug|Any CPU
		{6733B337-71BD-46C4-90AF-324CCC93B5CE}.Release|Any CPU.ActiveCfg = Release|Any CPU
		{6733B337-71BD-46C4-90AF-324CCC93B5CE}.Release|Any CPU.Build.0 = Release|Any CPU
		{C61724D8-3955-4C84-9EA6-3A8BEA8678EA}.Debug|Any CPU.ActiveCfg = Debug|Any CPU
		{C61724D8-3955-4C84-9EA6-3A8BEA8678EA}.Debug|Any CPU.Build.0 = Debug|Any CPU
		{C61724D8-3955-4C84-9EA6-3A8BEA8678EA}.Release|Any CPU.ActiveCfg = Release|Any CPU
		{C61724D8-3955-4C84-9EA6-3A8BEA8678EA}.Release|Any CPU.Build.0 = Release|Any CPU
		{4217D6A7-9173-4981-82CF-55430A4FE724}.Debug|Any CPU.ActiveCfg = Debug|Any CPU
		{4217D6A7-9173-4981-82CF-55430A4FE724}.Debug|Any CPU.Build.0 = Debug|Any CPU
		{4217D6A7-9173-4981-82CF-55430A4FE724}.Release|Any CPU.ActiveCfg = Release|Any CPU
		{4217D6A7-9173-4981-82CF-55430A4FE724}.Release|Any CPU.Build.0 = Release|Any CPU
		{4A778EC5-F099-4A3C-BB68-DB31FFA97498}.Debug|Any CPU.ActiveCfg = Debug|Any CPU
		{4A778EC5-F099-4A3C-BB68-DB31FFA97498}.Debug|Any CPU.Build.0 = Debug|Any CPU
		{4A778EC5-F099-4A3C-BB68-DB31FFA97498}.Release|Any CPU.ActiveCfg = Release|Any CPU
		{4A778EC5-F099-4A3C-BB68-DB31FFA97498}.Release|Any CPU.Build.0 = Release|Any CPU
		{DEADC92B-A0EB-4258-A47D-E3EAB21A336C}.Debug|Any CPU.ActiveCfg = Debug|Any CPU
		{DEADC92B-A0EB-4258-A47D-E3EAB21A336C}.Debug|Any CPU.Build.0 = Debug|Any CPU
		{DEADC92B-A0EB-4258-A47D-E3EAB21A336C}.Release|Any CPU.ActiveCfg = Release|Any CPU
		{DEADC92B-A0EB-4258-A47D-E3EAB21A336C}.Release|Any CPU.Build.0 = Release|Any CPU
		{32D6DE7C-A63A-4E6C-A9C5-3C58AD541D2B}.Debug|Any CPU.ActiveCfg = Debug|Any CPU
		{32D6DE7C-A63A-4E6C-A9C5-3C58AD541D2B}.Debug|Any CPU.Build.0 = Debug|Any CPU
		{32D6DE7C-A63A-4E6C-A9C5-3C58AD541D2B}.Release|Any CPU.ActiveCfg = Release|Any CPU
		{32D6DE7C-A63A-4E6C-A9C5-3C58AD541D2B}.Release|Any CPU.Build.0 = Release|Any CPU
		{0A136118-40BD-4874-95E7-5A2C627F9F01}.Debug|Any CPU.ActiveCfg = Debug|Any CPU
		{0A136118-40BD-4874-95E7-5A2C627F9F01}.Debug|Any CPU.Build.0 = Debug|Any CPU
		{0A136118-40BD-4874-95E7-5A2C627F9F01}.Release|Any CPU.ActiveCfg = Release|Any CPU
		{0A136118-40BD-4874-95E7-5A2C627F9F01}.Release|Any CPU.Build.0 = Release|Any CPU
		{3C66D451-8EFD-4CF7-B492-A86404401CC1}.Debug|Any CPU.ActiveCfg = Debug|Any CPU
		{3C66D451-8EFD-4CF7-B492-A86404401CC1}.Debug|Any CPU.Build.0 = Debug|Any CPU
		{3C66D451-8EFD-4CF7-B492-A86404401CC1}.Release|Any CPU.ActiveCfg = Release|Any CPU
		{3C66D451-8EFD-4CF7-B492-A86404401CC1}.Release|Any CPU.Build.0 = Release|Any CPU
	EndGlobalSection
	GlobalSection(SolutionProperties) = preSolution
		HideSolutionNode = FALSE
	EndGlobalSection
	GlobalSection(NestedProjects) = preSolution
		{C61724D8-3955-4C84-9EA6-3A8BEA8678EA} = {FA72CD64-EAA4-4CD0-A81A-90B8CEF78780}
		{4217D6A7-9173-4981-82CF-55430A4FE724} = {FA72CD64-EAA4-4CD0-A81A-90B8CEF78780}
		{4A778EC5-F099-4A3C-BB68-DB31FFA97498} = {9B31FB71-EB8C-4AA7-95DE-9A14C99A43AB}
		{DEADC92B-A0EB-4258-A47D-E3EAB21A336C} = {9B31FB71-EB8C-4AA7-95DE-9A14C99A43AB}
		{C9B417A8-CE4F-432B-B275-EE3F64600A0A} = {5BCCCE70-5102-421D-BAA2-CE2AD6690FC7}
		{4B3F5D6D-6C0E-4E23-B34C-00E6D851685C} = {5BCCCE70-5102-421D-BAA2-CE2AD6690FC7}
		{0A136118-40BD-4874-95E7-5A2C627F9F01} = {C9B417A8-CE4F-432B-B275-EE3F64600A0A}
		{3C66D451-8EFD-4CF7-B492-A86404401CC1} = {4B3F5D6D-6C0E-4E23-B34C-00E6D851685C}
	EndGlobalSection
EndGlobal
